
Microsoft Visual Studio Solution File, Format Version 12.00
# Visual Studio Version 17
VisualStudioVersion = 17.13.35828.75
MinimumVisualStudioVersion = 10.0.40219.1
Project("{FAE04EC0-301F-11D3-BF4B-00C04F79EFBC}") = "PrimaApp", "PrimaApp\PrimaApp.csproj", "{721B256C-AC01-423A-9434-701784D34141}"
EndProject
Project("{FAE04EC0-301F-11D3-BF4B-00C04F79EFBC}") = "SecondaApp", "SecondaApp\SecondaApp.csproj", "{5C18888E-A7BD-440B-9D7E-34562D670557}"
EndProject
Project("{FAE04EC0-301F-11D3-BF4B-00C04F79EFBC}") = "TerzaApp", "TerzaApp\TerzaApp.csproj", "{33318E5D-F28C-4F57-BE7B-FAF18185F6BE}"
EndProject
Project("{FAE04EC0-301F-11D3-BF4B-00C04F79EFBC}") = "Stradario", "Stradario\Stradario.csproj", "{22F87327-17FD-4733-BB21-DB34507C7ACE}"
EndProject
Project("{FAE04EC0-301F-11D3-BF4B-00C04F79EFBC}") = "WebChat", "WebChat\WebChat.csproj", "{B2126612-01A8-4207-9036-778D01A60767}"
EndProject
<<<<<<< HEAD
Project("{FAE04EC0-301F-11D3-BF4B-00C04F79EFBC}") = "ComputerVision1", "ComputerVision1\ComputerVision1.csproj", "{5C44250E-5DDB-474A-8719-9732FC3FDDE5}"
EndProject
Project("{FAE04EC0-301F-11D3-BF4B-00C04F79EFBC}") = "ComputerVision2Prova", "computerVision2\ComputerVision2Prova.csproj", "{2122D3D2-1068-4CEE-BCBE-E114C1245D7B}"
EndProject
Project("{FAE04EC0-301F-11D3-BF4B-00C04F79EFBC}") = "CRM", "CRM\CRM.csproj", "{6C016BE4-0FB6-4FCB-A1DB-94DDA29B5A8A}"
EndProject
Project("{FAE04EC0-301F-11D3-BF4B-00C04F79EFBC}") = "Traffico", "Traffico\Traffico.csproj", "{01240E39-898C-4FCB-BBB7-B862F2B92E47}"
EndProject
Project("{FAE04EC0-301F-11D3-BF4B-00C04F79EFBC}") = "ClipVisionWinForm", "ClipVisionWinForm\ClipVisionWinForm.csproj", "{A7528AE9-1230-4B4A-A1B8-428013BD6673}"
EndProject
Project("{FAE04EC0-301F-11D3-BF4B-00C04F79EFBC}") = "CRM2", "CRM2\CRM2.csproj", "{449621D1-4EE7-4BCD-86C1-5E5A8F70E8AB}"
=======
Project("{FAE04EC0-301F-11D3-BF4B-00C04F79EFBC}") = "BloccoNoteTest", "BloccoNoteTest\BloccoNoteTest.csproj", "{39C6C183-F395-4268-B065-E39385F1036C}"
>>>>>>> f4444b0615e9aedc4414dd1a6ee7d4e8953989d4
EndProject
Global
	GlobalSection(SolutionConfigurationPlatforms) = preSolution
		Debug|Any CPU = Debug|Any CPU
		Release|Any CPU = Release|Any CPU
	EndGlobalSection
	GlobalSection(ProjectConfigurationPlatforms) = postSolution
		{721B256C-AC01-423A-9434-701784D34141}.Debug|Any CPU.ActiveCfg = Debug|Any CPU
		{721B256C-AC01-423A-9434-701784D34141}.Debug|Any CPU.Build.0 = Debug|Any CPU
		{721B256C-AC01-423A-9434-701784D34141}.Release|Any CPU.ActiveCfg = Release|Any CPU
		{721B256C-AC01-423A-9434-701784D34141}.Release|Any CPU.Build.0 = Release|Any CPU
		{5C18888E-A7BD-440B-9D7E-34562D670557}.Debug|Any CPU.ActiveCfg = Debug|Any CPU
		{5C18888E-A7BD-440B-9D7E-34562D670557}.Debug|Any CPU.Build.0 = Debug|Any CPU
		{5C18888E-A7BD-440B-9D7E-34562D670557}.Release|Any CPU.ActiveCfg = Release|Any CPU
		{5C18888E-A7BD-440B-9D7E-34562D670557}.Release|Any CPU.Build.0 = Release|Any CPU
		{33318E5D-F28C-4F57-BE7B-FAF18185F6BE}.Debug|Any CPU.ActiveCfg = Debug|Any CPU
		{33318E5D-F28C-4F57-BE7B-FAF18185F6BE}.Debug|Any CPU.Build.0 = Debug|Any CPU
		{33318E5D-F28C-4F57-BE7B-FAF18185F6BE}.Release|Any CPU.ActiveCfg = Release|Any CPU
		{33318E5D-F28C-4F57-BE7B-FAF18185F6BE}.Release|Any CPU.Build.0 = Release|Any CPU
		{22F87327-17FD-4733-BB21-DB34507C7ACE}.Debug|Any CPU.ActiveCfg = Debug|Any CPU
		{22F87327-17FD-4733-BB21-DB34507C7ACE}.Debug|Any CPU.Build.0 = Debug|Any CPU
		{22F87327-17FD-4733-BB21-DB34507C7ACE}.Release|Any CPU.ActiveCfg = Release|Any CPU
		{22F87327-17FD-4733-BB21-DB34507C7ACE}.Release|Any CPU.Build.0 = Release|Any CPU
		{B2126612-01A8-4207-9036-778D01A60767}.Debug|Any CPU.ActiveCfg = Debug|Any CPU
		{B2126612-01A8-4207-9036-778D01A60767}.Debug|Any CPU.Build.0 = Debug|Any CPU
		{B2126612-01A8-4207-9036-778D01A60767}.Release|Any CPU.ActiveCfg = Release|Any CPU
		{B2126612-01A8-4207-9036-778D01A60767}.Release|Any CPU.Build.0 = Release|Any CPU
<<<<<<< HEAD
		{5C44250E-5DDB-474A-8719-9732FC3FDDE5}.Debug|Any CPU.ActiveCfg = Debug|Any CPU
		{5C44250E-5DDB-474A-8719-9732FC3FDDE5}.Debug|Any CPU.Build.0 = Debug|Any CPU
		{5C44250E-5DDB-474A-8719-9732FC3FDDE5}.Release|Any CPU.ActiveCfg = Release|Any CPU
		{5C44250E-5DDB-474A-8719-9732FC3FDDE5}.Release|Any CPU.Build.0 = Release|Any CPU
		{2122D3D2-1068-4CEE-BCBE-E114C1245D7B}.Debug|Any CPU.ActiveCfg = Debug|Any CPU
		{2122D3D2-1068-4CEE-BCBE-E114C1245D7B}.Debug|Any CPU.Build.0 = Debug|Any CPU
		{2122D3D2-1068-4CEE-BCBE-E114C1245D7B}.Release|Any CPU.ActiveCfg = Release|Any CPU
		{2122D3D2-1068-4CEE-BCBE-E114C1245D7B}.Release|Any CPU.Build.0 = Release|Any CPU
		{6C016BE4-0FB6-4FCB-A1DB-94DDA29B5A8A}.Debug|Any CPU.ActiveCfg = Debug|Any CPU
		{6C016BE4-0FB6-4FCB-A1DB-94DDA29B5A8A}.Debug|Any CPU.Build.0 = Debug|Any CPU
		{6C016BE4-0FB6-4FCB-A1DB-94DDA29B5A8A}.Release|Any CPU.ActiveCfg = Release|Any CPU
		{6C016BE4-0FB6-4FCB-A1DB-94DDA29B5A8A}.Release|Any CPU.Build.0 = Release|Any CPU
		{01240E39-898C-4FCB-BBB7-B862F2B92E47}.Debug|Any CPU.ActiveCfg = Debug|Any CPU
		{01240E39-898C-4FCB-BBB7-B862F2B92E47}.Debug|Any CPU.Build.0 = Debug|Any CPU
		{01240E39-898C-4FCB-BBB7-B862F2B92E47}.Release|Any CPU.ActiveCfg = Release|Any CPU
		{01240E39-898C-4FCB-BBB7-B862F2B92E47}.Release|Any CPU.Build.0 = Release|Any CPU
		{A7528AE9-1230-4B4A-A1B8-428013BD6673}.Debug|Any CPU.ActiveCfg = Debug|Any CPU
		{A7528AE9-1230-4B4A-A1B8-428013BD6673}.Debug|Any CPU.Build.0 = Debug|Any CPU
		{A7528AE9-1230-4B4A-A1B8-428013BD6673}.Release|Any CPU.ActiveCfg = Release|Any CPU
		{A7528AE9-1230-4B4A-A1B8-428013BD6673}.Release|Any CPU.Build.0 = Release|Any CPU
		{449621D1-4EE7-4BCD-86C1-5E5A8F70E8AB}.Debug|Any CPU.ActiveCfg = Debug|Any CPU
		{449621D1-4EE7-4BCD-86C1-5E5A8F70E8AB}.Debug|Any CPU.Build.0 = Debug|Any CPU
		{449621D1-4EE7-4BCD-86C1-5E5A8F70E8AB}.Release|Any CPU.ActiveCfg = Release|Any CPU
		{449621D1-4EE7-4BCD-86C1-5E5A8F70E8AB}.Release|Any CPU.Build.0 = Release|Any CPU
=======
		{39C6C183-F395-4268-B065-E39385F1036C}.Debug|Any CPU.ActiveCfg = Debug|Any CPU
		{39C6C183-F395-4268-B065-E39385F1036C}.Debug|Any CPU.Build.0 = Debug|Any CPU
		{39C6C183-F395-4268-B065-E39385F1036C}.Release|Any CPU.ActiveCfg = Release|Any CPU
		{39C6C183-F395-4268-B065-E39385F1036C}.Release|Any CPU.Build.0 = Release|Any CPU
>>>>>>> f4444b0615e9aedc4414dd1a6ee7d4e8953989d4
	EndGlobalSection
	GlobalSection(SolutionProperties) = preSolution
		HideSolutionNode = FALSE
	EndGlobalSection
	GlobalSection(ExtensibilityGlobals) = postSolution
		SolutionGuid = {05B0DBE2-1B75-4D37-9EC5-4DA18A711CD8}
	EndGlobalSection
EndGlobal
